// !$*UTF8*$!
{
	archiveVersion = 1;
	classes = {
	};
	objectVersion = 46;
	objects = {

/* Begin PBXBuildFile section */
		C13D096917DD76280039DCC3 /* UIKit.framework in Frameworks */ = {isa = PBXBuildFile; fileRef = C13D096817DD76280039DCC3 /* UIKit.framework */; };
		C13D096B17DD76280039DCC3 /* Foundation.framework in Frameworks */ = {isa = PBXBuildFile; fileRef = C13D096A17DD76280039DCC3 /* Foundation.framework */; };
		C13D096D17DD76280039DCC3 /* CoreGraphics.framework in Frameworks */ = {isa = PBXBuildFile; fileRef = C13D096C17DD76280039DCC3 /* CoreGraphics.framework */; };
		C13D097317DD76280039DCC3 /* InfoPlist.strings in Resources */ = {isa = PBXBuildFile; fileRef = C13D097117DD76280039DCC3 /* InfoPlist.strings */; };
		C13D097517DD76280039DCC3 /* main.m in Sources */ = {isa = PBXBuildFile; fileRef = C13D097417DD76280039DCC3 /* main.m */; };
		C13D097917DD76280039DCC3 /* AppDelegate.m in Sources */ = {isa = PBXBuildFile; fileRef = C13D097817DD76280039DCC3 /* AppDelegate.m */; };
		C13D097B17DD76280039DCC3 /* Default.png in Resources */ = {isa = PBXBuildFile; fileRef = C13D097A17DD76280039DCC3 /* Default.png */; };
		C13D097D17DD76280039DCC3 /* Default@2x.png in Resources */ = {isa = PBXBuildFile; fileRef = C13D097C17DD76280039DCC3 /* Default@2x.png */; };
		C13D097F17DD76280039DCC3 /* Default-568h@2x.png in Resources */ = {isa = PBXBuildFile; fileRef = C13D097E17DD76280039DCC3 /* Default-568h@2x.png */; };
		C13D098217DD76280039DCC3 /* ViewController.m in Sources */ = {isa = PBXBuildFile; fileRef = C13D098117DD76280039DCC3 /* ViewController.m */; };
		C13D098517DD76280039DCC3 /* ViewController.xib in Resources */ = {isa = PBXBuildFile; fileRef = C13D098317DD76280039DCC3 /* ViewController.xib */; };
		C13D098D17DD77670039DCC3 /* Common.m in Sources */ = {isa = PBXBuildFile; fileRef = C13D098C17DD77670039DCC3 /* Common.m */; };
		C13D098F17DDD2680039DCC3 /* gintoki.jpeg in Resources */ = {isa = PBXBuildFile; fileRef = C13D098E17DDD2680039DCC3 /* gintoki.jpeg */; };
/* End PBXBuildFile section */

/* Begin PBXFileReference section */
		C13D096517DD76280039DCC3 /* X-SSH.app */ = {isa = PBXFileReference; explicitFileType = wrapper.application; includeInIndex = 0; path = "X-SSH.app"; sourceTree = BUILT_PRODUCTS_DIR; };
		C13D096817DD76280039DCC3 /* UIKit.framework */ = {isa = PBXFileReference; lastKnownFileType = wrapper.framework; name = UIKit.framework; path = System/Library/Frameworks/UIKit.framework; sourceTree = SDKROOT; };
		C13D096A17DD76280039DCC3 /* Foundation.framework */ = {isa = PBXFileReference; lastKnownFileType = wrapper.framework; name = Foundation.framework; path = System/Library/Frameworks/Foundation.framework; sourceTree = SDKROOT; };
		C13D096C17DD76280039DCC3 /* CoreGraphics.framework */ = {isa = PBXFileReference; lastKnownFileType = wrapper.framework; name = CoreGraphics.framework; path = System/Library/Frameworks/CoreGraphics.framework; sourceTree = SDKROOT; };
		C13D097017DD76280039DCC3 /* X-SSH-Info.plist */ = {isa = PBXFileReference; lastKnownFileType = text.plist.xml; path = "X-SSH-Info.plist"; sourceTree = "<group>"; };
		C13D097217DD76280039DCC3 /* en */ = {isa = PBXFileReference; lastKnownFileType = text.plist.strings; name = en; path = en.lproj/InfoPlist.strings; sourceTree = "<group>"; };
		C13D097417DD76280039DCC3 /* main.m */ = {isa = PBXFileReference; lastKnownFileType = sourcecode.c.objc; path = main.m; sourceTree = "<group>"; };
		C13D097617DD76280039DCC3 /* X-SSH-Prefix.pch */ = {isa = PBXFileReference; lastKnownFileType = sourcecode.c.h; path = "X-SSH-Prefix.pch"; sourceTree = "<group>"; };
		C13D097717DD76280039DCC3 /* AppDelegate.h */ = {isa = PBXFileReference; lastKnownFileType = sourcecode.c.h; path = AppDelegate.h; sourceTree = "<group>"; };
		C13D097817DD76280039DCC3 /* AppDelegate.m */ = {isa = PBXFileReference; lastKnownFileType = sourcecode.c.objc; path = AppDelegate.m; sourceTree = "<group>"; };
		C13D097A17DD76280039DCC3 /* Default.png */ = {isa = PBXFileReference; lastKnownFileType = image.png; path = Default.png; sourceTree = "<group>"; };
		C13D097C17DD76280039DCC3 /* Default@2x.png */ = {isa = PBXFileReference; lastKnownFileType = image.png; path = "Default@2x.png"; sourceTree = "<group>"; };
		C13D097E17DD76280039DCC3 /* Default-568h@2x.png */ = {isa = PBXFileReference; lastKnownFileType = image.png; path = "Default-568h@2x.png"; sourceTree = "<group>"; };
		C13D098017DD76280039DCC3 /* ViewController.h */ = {isa = PBXFileReference; lastKnownFileType = sourcecode.c.h; path = ViewController.h; sourceTree = "<group>"; };
		C13D098117DD76280039DCC3 /* ViewController.m */ = {isa = PBXFileReference; lastKnownFileType = sourcecode.c.objc; path = ViewController.m; sourceTree = "<group>"; };
		C13D098417DD76280039DCC3 /* en */ = {isa = PBXFileReference; lastKnownFileType = file.xib; name = en; path = en.lproj/ViewController.xib; sourceTree = "<group>"; };
		C13D098B17DD77670039DCC3 /* Common.h */ = {isa = PBXFileReference; fileEncoding = 4; lastKnownFileType = sourcecode.c.h; path = Common.h; sourceTree = "<group>"; };
		C13D098C17DD77670039DCC3 /* Common.m */ = {isa = PBXFileReference; fileEncoding = 4; lastKnownFileType = sourcecode.c.objc; path = Common.m; sourceTree = "<group>"; };
		C13D098E17DDD2680039DCC3 /* gintoki.jpeg */ = {isa = PBXFileReference; lastKnownFileType = image.jpeg; path = gintoki.jpeg; sourceTree = "<group>"; };
/* End PBXFileReference section */

/* Begin PBXFrameworksBuildPhase section */
		C13D096217DD76280039DCC3 /* Frameworks */ = {
			isa = PBXFrameworksBuildPhase;
			buildActionMask = 2147483647;
			files = (
				C13D096917DD76280039DCC3 /* UIKit.framework in Frameworks */,
				C13D096B17DD76280039DCC3 /* Foundation.framework in Frameworks */,
				C13D096D17DD76280039DCC3 /* CoreGraphics.framework in Frameworks */,
			);
			runOnlyForDeploymentPostprocessing = 0;
		};
/* End PBXFrameworksBuildPhase section */

/* Begin PBXGroup section */
		C13D095C17DD76280039DCC3 = {
			isa = PBXGroup;
			children = (
				C13D096E17DD76280039DCC3 /* X-SSH */,
				C13D096717DD76280039DCC3 /* Frameworks */,
				C13D096617DD76280039DCC3 /* Products */,
			);
			sourceTree = "<group>";
		};
		C13D096617DD76280039DCC3 /* Products */ = {
			isa = PBXGroup;
			children = (
				C13D096517DD76280039DCC3 /* X-SSH.app */,
			);
			name = Products;
			sourceTree = "<group>";
		};
		C13D096717DD76280039DCC3 /* Frameworks */ = {
			isa = PBXGroup;
			children = (
				C13D096817DD76280039DCC3 /* UIKit.framework */,
				C13D096A17DD76280039DCC3 /* Foundation.framework */,
				C13D096C17DD76280039DCC3 /* CoreGraphics.framework */,
			);
			name = Frameworks;
			sourceTree = "<group>";
		};
		C13D096E17DD76280039DCC3 /* X-SSH */ = {
			isa = PBXGroup;
			children = (
				C13D097717DD76280039DCC3 /* AppDelegate.h */,
				C13D097817DD76280039DCC3 /* AppDelegate.m */,
				C13D098017DD76280039DCC3 /* ViewController.h */,
				C13D098117DD76280039DCC3 /* ViewController.m */,
				C13D098317DD76280039DCC3 /* ViewController.xib */,
				C13D098B17DD77670039DCC3 /* Common.h */,
				C13D098C17DD77670039DCC3 /* Common.m */,
				C13D096F17DD76280039DCC3 /* Supporting Files */,
			);
			path = "X-SSH";
			sourceTree = "<group>";
		};
		C13D096F17DD76280039DCC3 /* Supporting Files */ = {
			isa = PBXGroup;
			children = (
				C13D098E17DDD2680039DCC3 /* gintoki.jpeg */,
				C13D097017DD76280039DCC3 /* X-SSH-Info.plist */,
				C13D097117DD76280039DCC3 /* InfoPlist.strings */,
				C13D097417DD76280039DCC3 /* main.m */,
				C13D097617DD76280039DCC3 /* X-SSH-Prefix.pch */,
				C13D097A17DD76280039DCC3 /* Default.png */,
				C13D097C17DD76280039DCC3 /* Default@2x.png */,
				C13D097E17DD76280039DCC3 /* Default-568h@2x.png */,
			);
			name = "Supporting Files";
			sourceTree = "<group>";
		};
/* End PBXGroup section */

/* Begin PBXNativeTarget section */
		C13D096417DD76280039DCC3 /* X-SSH */ = {
			isa = PBXNativeTarget;
			buildConfigurationList = C13D098817DD76280039DCC3 /* Build configuration list for PBXNativeTarget "X-SSH" */;
			buildPhases = (
				C13D096117DD76280039DCC3 /* Sources */,
				C13D096217DD76280039DCC3 /* Frameworks */,
				C13D096317DD76280039DCC3 /* Resources */,
			);
			buildRules = (
			);
			dependencies = (
			);
			name = "X-SSH";
			productName = "X-SSH";
			productReference = C13D096517DD76280039DCC3 /* X-SSH.app */;
			productType = "com.apple.product-type.application";
		};
/* End PBXNativeTarget section */

/* Begin PBXProject section */
		C13D095D17DD76280039DCC3 /* Project object */ = {
			isa = PBXProject;
			attributes = {
				LastUpgradeCheck = 0460;
				ORGANIZATIONNAME = Xummer;
			};
			buildConfigurationList = C13D096017DD76280039DCC3 /* Build configuration list for PBXProject "X-SSH" */;
			compatibilityVersion = "Xcode 3.2";
			developmentRegion = English;
			hasScannedForEncodings = 0;
			knownRegions = (
				en,
			);
			mainGroup = C13D095C17DD76280039DCC3;
			productRefGroup = C13D096617DD76280039DCC3 /* Products */;
			projectDirPath = "";
			projectRoot = "";
			targets = (
				C13D096417DD76280039DCC3 /* X-SSH */,
			);
		};
/* End PBXProject section */

/* Begin PBXResourcesBuildPhase section */
		C13D096317DD76280039DCC3 /* Resources */ = {
			isa = PBXResourcesBuildPhase;
			buildActionMask = 2147483647;
			files = (
				C13D097317DD76280039DCC3 /* InfoPlist.strings in Resources */,
				C13D097B17DD76280039DCC3 /* Default.png in Resources */,
				C13D097D17DD76280039DCC3 /* Default@2x.png in Resources */,
				C13D097F17DD76280039DCC3 /* Default-568h@2x.png in Resources */,
				C13D098517DD76280039DCC3 /* ViewController.xib in Resources */,
				C13D098F17DDD2680039DCC3 /* gintoki.jpeg in Resources */,
			);
			runOnlyForDeploymentPostprocessing = 0;
		};
/* End PBXResourcesBuildPhase section */

/* Begin PBXSourcesBuildPhase section */
		C13D096117DD76280039DCC3 /* Sources */ = {
			isa = PBXSourcesBuildPhase;
			buildActionMask = 2147483647;
			files = (
				C13D097517DD76280039DCC3 /* main.m in Sources */,
				C13D097917DD76280039DCC3 /* AppDelegate.m in Sources */,
				C13D098217DD76280039DCC3 /* ViewController.m in Sources */,
				C13D098D17DD77670039DCC3 /* Common.m in Sources */,
			);
			runOnlyForDeploymentPostprocessing = 0;
		};
/* End PBXSourcesBuildPhase section */

/* Begin PBXVariantGroup section */
		C13D097117DD76280039DCC3 /* InfoPlist.strings */ = {
			isa = PBXVariantGroup;
			children = (
				C13D097217DD76280039DCC3 /* en */,
			);
			name = InfoPlist.strings;
			sourceTree = "<group>";
		};
		C13D098317DD76280039DCC3 /* ViewController.xib */ = {
			isa = PBXVariantGroup;
			children = (
				C13D098417DD76280039DCC3 /* en */,
			);
			name = ViewController.xib;
			sourceTree = "<group>";
		};
/* End PBXVariantGroup section */

/* Begin XCBuildConfiguration section */
		C13D098617DD76280039DCC3 /* Debug */ = {
			isa = XCBuildConfiguration;
			buildSettings = {
				ALWAYS_SEARCH_USER_PATHS = NO;
				CLANG_CXX_LANGUAGE_STANDARD = "gnu++0x";
				CLANG_CXX_LIBRARY = "libc++";
				CLANG_ENABLE_OBJC_ARC = YES;
				CLANG_WARN_CONSTANT_CONVERSION = YES;
				CLANG_WARN_EMPTY_BODY = YES;
				CLANG_WARN_ENUM_CONVERSION = YES;
				CLANG_WARN_INT_CONVERSION = YES;
				CLANG_WARN__DUPLICATE_METHOD_MATCH = YES;
				"CODE_SIGN_IDENTITY[sdk=iphoneos*]" = "iPhone Developer";
				COPY_PHASE_STRIP = NO;
				GCC_C_LANGUAGE_STANDARD = gnu99;
				GCC_DYNAMIC_NO_PIC = NO;
				GCC_OPTIMIZATION_LEVEL = 0;
				GCC_PREPROCESSOR_DEFINITIONS = (
					"DEBUG=1",
					"$(inherited)",
				);
				GCC_SYMBOLS_PRIVATE_EXTERN = NO;
				GCC_WARN_ABOUT_RETURN_TYPE = YES;
				GCC_WARN_UNINITIALIZED_AUTOS = YES;
				GCC_WARN_UNUSED_VARIABLE = YES;
				IPHONEOS_DEPLOYMENT_TARGET = 6.1;
				ONLY_ACTIVE_ARCH = YES;
				SDKROOT = iphoneos;
			};
			name = Debug;
		};
		C13D098717DD76280039DCC3 /* Release */ = {
			isa = XCBuildConfiguration;
			buildSettings = {
				ALWAYS_SEARCH_USER_PATHS = NO;
				CLANG_CXX_LANGUAGE_STANDARD = "gnu++0x";
				CLANG_CXX_LIBRARY = "libc++";
				CLANG_ENABLE_OBJC_ARC = YES;
				CLANG_WARN_CONSTANT_CONVERSION = YES;
				CLANG_WARN_EMPTY_BODY = YES;
				CLANG_WARN_ENUM_CONVERSION = YES;
				CLANG_WARN_INT_CONVERSION = YES;
				CLANG_WARN__DUPLICATE_METHOD_MATCH = YES;
				"CODE_SIGN_IDENTITY[sdk=iphoneos*]" = "iPhone Developer";
				COPY_PHASE_STRIP = YES;
				GCC_C_LANGUAGE_STANDARD = gnu99;
				GCC_WARN_ABOUT_RETURN_TYPE = YES;
				GCC_WARN_UNINITIALIZED_AUTOS = YES;
				GCC_WARN_UNUSED_VARIABLE = YES;
				IPHONEOS_DEPLOYMENT_TARGET = 6.1;
				OTHER_CFLAGS = "-DNS_BLOCK_ASSERTIONS=1";
				SDKROOT = iphoneos;
				VALIDATE_PRODUCT = YES;
			};
			name = Release;
		};
		C13D098917DD76280039DCC3 /* Debug */ = {
			isa = XCBuildConfiguration;
			buildSettings = {
				GCC_PRECOMPILE_PREFIX_HEADER = YES;
				GCC_PREFIX_HEADER = "X-SSH/X-SSH-Prefix.pch";
				INFOPLIST_FILE = "X-SSH/X-SSH-Info.plist";
				PRODUCT_NAME = "$(TARGET_NAME)";
				WRAPPER_EXTENSION = app;
			};
			name = Debug;
		};
		C13D098A17DD76280039DCC3 /* Release */ = {
			isa = XCBuildConfiguration;
			buildSettings = {
				GCC_PRECOMPILE_PREFIX_HEADER = YES;
				GCC_PREFIX_HEADER = "X-SSH/X-SSH-Prefix.pch";
				INFOPLIST_FILE = "X-SSH/X-SSH-Info.plist";
				PRODUCT_NAME = "$(TARGET_NAME)";
				WRAPPER_EXTENSION = app;
			};
			name = Release;
		};
/* End XCBuildConfiguration section */

/* Begin XCConfigurationList section */
		C13D096017DD76280039DCC3 /* Build configuration list for PBXProject "X-SSH" */ = {
			isa = XCConfigurationList;
			buildConfigurations = (
				C13D098617DD76280039DCC3 /* Debug */,
				C13D098717DD76280039DCC3 /* Release */,
			);
			defaultConfigurationIsVisible = 0;
			defaultConfigurationName = Release;
		};
		C13D098817DD76280039DCC3 /* Build configuration list for PBXNativeTarget "X-SSH" */ = {
			isa = XCConfigurationList;
			buildConfigurations = (
				C13D098917DD76280039DCC3 /* Debug */,
				C13D098A17DD76280039DCC3 /* Release */,
			);
			defaultConfigurationIsVisible = 0;
			defaultConfigurationName = Release;
		};
/* End XCConfigurationList section */
	};
	rootObject = C13D095D17DD76280039DCC3 /* Project object */;
}
